
Microsoft Visual Studio Solution File, Format Version 12.00
# Visual Studio 15
VisualStudioVersion = 15.0.27130.2036
MinimumVisualStudioVersion = 10.0.40219.1
Project("{FAE04EC0-301F-11D3-BF4B-00C04F79EFBC}") = "SignalR Group", "SignalR Group\SignalR Group.csproj", "{8AB1F33D-2CF2-4CF9-A8C0-A8E483B88F1A}"
EndProject
Global
	GlobalSection(SolutionConfigurationPlatforms) = preSolution
		Debug|Any CPU = Debug|Any CPU
		Release|Any CPU = Release|Any CPU
	EndGlobalSection
	GlobalSection(ProjectConfigurationPlatforms) = postSolution
		{8AB1F33D-2CF2-4CF9-A8C0-A8E483B88F1A}.Debug|Any CPU.ActiveCfg = Debug|Any CPU
		{8AB1F33D-2CF2-4CF9-A8C0-A8E483B88F1A}.Debug|Any CPU.Build.0 = Debug|Any CPU
		{8AB1F33D-2CF2-4CF9-A8C0-A8E483B88F1A}.Release|Any CPU.ActiveCfg = Release|Any CPU
		{8AB1F33D-2CF2-4CF9-A8C0-A8E483B88F1A}.Release|Any CPU.Build.0 = Release|Any CPU
	EndGlobalSection
	GlobalSection(SolutionProperties) = preSolution
		HideSolutionNode = FALSE
	EndGlobalSection
	GlobalSection(ExtensibilityGlobals) = postSolution
		SolutionGuid = {84BFE938-A2EF-4CF2-A836-9F59291658C4}
	EndGlobalSection
EndGlobal
